
Microsoft Visual Studio Solution File, Format Version 12.00
# Visual Studio Version 16
VisualStudioVersion = 16.0.31025.194
MinimumVisualStudioVersion = 10.0.40219.1
Project("{FAE04EC0-301F-11D3-BF4B-00C04F79EFBC}") = "ZadaciObjektno2", "ZadaciObjektno2\ZadaciObjektno2.csproj", "{EAD718F0-17F7-4D3A-8CDD-09CA719CEDA5}"
EndProject
Global
	GlobalSection(SolutionConfigurationPlatforms) = preSolution
		Debug|Any CPU = Debug|Any CPU
		Release|Any CPU = Release|Any CPU
	EndGlobalSection
	GlobalSection(ProjectConfigurationPlatforms) = postSolution
		{EAD718F0-17F7-4D3A-8CDD-09CA719CEDA5}.Debug|Any CPU.ActiveCfg = Debug|Any CPU
		{EAD718F0-17F7-4D3A-8CDD-09CA719CEDA5}.Debug|Any CPU.Build.0 = Debug|Any CPU
		{EAD718F0-17F7-4D3A-8CDD-09CA719CEDA5}.Release|Any CPU.ActiveCfg = Release|Any CPU
		{EAD718F0-17F7-4D3A-8CDD-09CA719CEDA5}.Release|Any CPU.Build.0 = Release|Any CPU
	EndGlobalSection
	GlobalSection(SolutionProperties) = preSolution
		HideSolutionNode = FALSE
	EndGlobalSection
	GlobalSection(ExtensibilityGlobals) = postSolution
		SolutionGuid = {521ABA48-47EC-4E3A-96EB-133204734ED2}
	EndGlobalSection
EndGlobal
